
Microsoft Visual Studio Solution File, Format Version 12.00
# Visual Studio Version 16
VisualStudioVersion = 16.0.30413.136
MinimumVisualStudioVersion = 10.0.40219.1
Project("{FAE04EC0-301F-11D3-BF4B-00C04F79EFBC}") = "ejercicio 2 fase 3", "ejercicio 2 fase 3\ejercicio 2 fase 3.csproj", "{F9FE111F-9F97-41DE-BD93-AC18F404D9C3}"
EndProject
Global
	GlobalSection(SolutionConfigurationPlatforms) = preSolution
		Debug|Any CPU = Debug|Any CPU
		Release|Any CPU = Release|Any CPU
	EndGlobalSection
	GlobalSection(ProjectConfigurationPlatforms) = postSolution
		{F9FE111F-9F97-41DE-BD93-AC18F404D9C3}.Debug|Any CPU.ActiveCfg = Debug|Any CPU
		{F9FE111F-9F97-41DE-BD93-AC18F404D9C3}.Debug|Any CPU.Build.0 = Debug|Any CPU
		{F9FE111F-9F97-41DE-BD93-AC18F404D9C3}.Release|Any CPU.ActiveCfg = Release|Any CPU
		{F9FE111F-9F97-41DE-BD93-AC18F404D9C3}.Release|Any CPU.Build.0 = Release|Any CPU
	EndGlobalSection
	GlobalSection(SolutionProperties) = preSolution
		HideSolutionNode = FALSE
	EndGlobalSection
	GlobalSection(ExtensibilityGlobals) = postSolution
		SolutionGuid = {A5AF2F00-51FE-479B-8AF0-78318506C887}
	EndGlobalSection
EndGlobal
